
Microsoft Visual Studio Solution File, Format Version 12.00
# Visual Studio Version 17
VisualStudioVersion = 17.0.31903.59
MinimumVisualStudioVersion = 10.0.40219.1
Project("{FAE04EC0-301F-11D3-BF4B-00C04F79EFBC}") = "IssueManager.Core", "IssueManager.Core\IssueManager.Core.csproj", "{8A1962A5-4E81-4700-8E12-B7B461F2FB87}"
EndProject
Project("{FAE04EC0-301F-11D3-BF4B-00C04F79EFBC}") = "IssueManager.API", "IssueManager.API\IssueManager.API.csproj", "{0894E244-3562-44E3-986D-F1FDCAFFEBC0}"
EndProject
Project("{FAE04EC0-301F-11D3-BF4B-00C04F79EFBC}") = "IssueManager.Core.Tests", "IssueManager.Core.Tests\IssueManager.Core.Tests.csproj", "{26308687-76C3-48A5-9DE5-716B4D7D0455}"
EndProject
Project("{FAE04EC0-301F-11D3-BF4B-00C04F79EFBC}") = "IssueManager.API.Tests", "IssueManager.API.Tests\IssueManager.API.Tests.csproj", "{C34DACDC-7784-43F5-A38E-642E0E9BC4F2}"
EndProject
Global
	GlobalSection(SolutionConfigurationPlatforms) = preSolution
		Debug|Any CPU = Debug|Any CPU
		Debug|x64 = Debug|x64
		Debug|x86 = Debug|x86
		Release|Any CPU = Release|Any CPU
		Release|x64 = Release|x64
		Release|x86 = Release|x86
	EndGlobalSection
	GlobalSection(ProjectConfigurationPlatforms) = postSolution
		{8A1962A5-4E81-4700-8E12-B7B461F2FB87}.Debug|Any CPU.ActiveCfg = Debug|Any CPU
		{8A1962A5-4E81-4700-8E12-B7B461F2FB87}.Debug|Any CPU.Build.0 = Debug|Any CPU
		{8A1962A5-4E81-4700-8E12-B7B461F2FB87}.Debug|x64.ActiveCfg = Debug|Any CPU
		{8A1962A5-4E81-4700-8E12-B7B461F2FB87}.Debug|x64.Build.0 = Debug|Any CPU
		{8A1962A5-4E81-4700-8E12-B7B461F2FB87}.Debug|x86.ActiveCfg = Debug|Any CPU
		{8A1962A5-4E81-4700-8E12-B7B461F2FB87}.Debug|x86.Build.0 = Debug|Any CPU
		{8A1962A5-4E81-4700-8E12-B7B461F2FB87}.Release|Any CPU.ActiveCfg = Release|Any CPU
		{8A1962A5-4E81-4700-8E12-B7B461F2FB87}.Release|Any CPU.Build.0 = Release|Any CPU
		{8A1962A5-4E81-4700-8E12-B7B461F2FB87}.Release|x64.ActiveCfg = Release|Any CPU
		{8A1962A5-4E81-4700-8E12-B7B461F2FB87}.Release|x64.Build.0 = Release|Any CPU
		{8A1962A5-4E81-4700-8E12-B7B461F2FB87}.Release|x86.ActiveCfg = Release|Any CPU
		{8A1962A5-4E81-4700-8E12-B7B461F2FB87}.Release|x86.Build.0 = Release|Any CPU
		{0894E244-3562-44E3-986D-F1FDCAFFEBC0}.Debug|Any CPU.ActiveCfg = Debug|Any CPU
		{0894E244-3562-44E3-986D-F1FDCAFFEBC0}.Debug|Any CPU.Build.0 = Debug|Any CPU
		{0894E244-3562-44E3-986D-F1FDCAFFEBC0}.Debug|x64.ActiveCfg = Debug|Any CPU
		{0894E244-3562-44E3-986D-F1FDCAFFEBC0}.Debug|x64.Build.0 = Debug|Any CPU
		{0894E244-3562-44E3-986D-F1FDCAFFEBC0}.Debug|x86.ActiveCfg = Debug|Any CPU
		{0894E244-3562-44E3-986D-F1FDCAFFEBC0}.Debug|x86.Build.0 = Debug|Any CPU
		{0894E244-3562-44E3-986D-F1FDCAFFEBC0}.Release|Any CPU.ActiveCfg = Release|Any CPU
		{0894E244-3562-44E3-986D-F1FDCAFFEBC0}.Release|Any CPU.Build.0 = Release|Any CPU
		{0894E244-3562-44E3-986D-F1FDCAFFEBC0}.Release|x64.ActiveCfg = Release|Any CPU
		{0894E244-3562-44E3-986D-F1FDCAFFEBC0}.Release|x64.Build.0 = Release|Any CPU
		{0894E244-3562-44E3-986D-F1FDCAFFEBC0}.Release|x86.ActiveCfg = Release|Any CPU
		{0894E244-3562-44E3-986D-F1FDCAFFEBC0}.Release|x86.Build.0 = Release|Any CPU
		{26308687-76C3-48A5-9DE5-716B4D7D0455}.Debug|Any CPU.ActiveCfg = Debug|Any CPU
		{26308687-76C3-48A5-9DE5-716B4D7D0455}.Debug|Any CPU.Build.0 = Debug|Any CPU
		{26308687-76C3-48A5-9DE5-716B4D7D0455}.Debug|x64.ActiveCfg = Debug|Any CPU
		{26308687-76C3-48A5-9DE5-716B4D7D0455}.Debug|x64.Build.0 = Debug|Any CPU
		{26308687-76C3-48A5-9DE5-716B4D7D0455}.Debug|x86.ActiveCfg = Debug|Any CPU
		{26308687-76C3-48A5-9DE5-716B4D7D0455}.Debug|x86.Build.0 = Debug|Any CPU
		{26308687-76C3-48A5-9DE5-716B4D7D0455}.Release|Any CPU.ActiveCfg = Release|Any CPU
		{26308687-76C3-48A5-9DE5-716B4D7D0455}.Release|Any CPU.Build.0 = Release|Any CPU
		{26308687-76C3-48A5-9DE5-716B4D7D0455}.Release|x64.ActiveCfg = Release|Any CPU
		{26308687-76C3-48A5-9DE5-716B4D7D0455}.Release|x64.Build.0 = Release|Any CPU
		{26308687-76C3-48A5-9DE5-716B4D7D0455}.Release|x86.ActiveCfg = Release|Any CPU
		{26308687-76C3-48A5-9DE5-716B4D7D0455}.Release|x86.Build.0 = Release|Any CPU
		{C34DACDC-7784-43F5-A38E-642E0E9BC4F2}.Debug|Any CPU.ActiveCfg = Debug|Any CPU
		{C34DACDC-7784-43F5-A38E-642E0E9BC4F2}.Debug|Any CPU.Build.0 = Debug|Any CPU
		{C34DACDC-7784-43F5-A38E-642E0E9BC4F2}.Debug|x64.ActiveCfg = Debug|Any CPU
		{C34DACDC-7784-43F5-A38E-642E0E9BC4F2}.Debug|x64.Build.0 = Debug|Any CPU
		{C34DACDC-7784-43F5-A38E-642E0E9BC4F2}.Debug|x86.ActiveCfg = Debug|Any CPU
		{C34DACDC-7784-43F5-A38E-642E0E9BC4F2}.Debug|x86.Build.0 = Debug|Any CPU
		{C34DACDC-7784-43F5-A38E-642E0E9BC4F2}.Release|Any CPU.ActiveCfg = Release|Any CPU
		{C34DACDC-7784-43F5-A38E-642E0E9BC4F2}.Release|Any CPU.Build.0 = Release|Any CPU
		{C34DACDC-7784-43F5-A38E-642E0E9BC4F2}.Release|x64.ActiveCfg = Release|Any CPU
		{C34DACDC-7784-43F5-A38E-642E0E9BC4F2}.Release|x64.Build.0 = Release|Any CPU
		{C34DACDC-7784-43F5-A38E-642E0E9BC4F2}.Release|x86.ActiveCfg = Release|Any CPU
		{C34DACDC-7784-43F5-A38E-642E0E9BC4F2}.Release|x86.Build.0 = Release|Any CPU
	EndGlobalSection
	GlobalSection(SolutionProperties) = preSolution
		HideSolutionNode = FALSE
	EndGlobalSection
	GlobalSection(ExtensibilityGlobals) = postSolution
		SolutionGuid = {2AE31925-8A8F-4F01-B23C-C40E5F2117E2}
	EndGlobalSection
EndGlobal
